// !$*UTF8*$!
{
	archiveVersion = 1;
	classes = {
	};
	objectVersion = 55;
	objects = {

/* Begin PBXBuildFile section */
		C07EB514283FCCAB00450E34 /* AppDelegate.swift in Sources */ = {isa = PBXBuildFile; fileRef = C07EB513283FCCAB00450E34 /* AppDelegate.swift */; };
		C07EB516283FCCAB00450E34 /* SceneDelegate.swift in Sources */ = {isa = PBXBuildFile; fileRef = C07EB515283FCCAB00450E34 /* SceneDelegate.swift */; };
		C07EB518283FCCAB00450E34 /* ViewController.swift in Sources */ = {isa = PBXBuildFile; fileRef = C07EB517283FCCAB00450E34 /* ViewController.swift */; };
		C07EB51B283FCCAB00450E34 /* Main.storyboard in Resources */ = {isa = PBXBuildFile; fileRef = C07EB519283FCCAB00450E34 /* Main.storyboard */; };
		C07EB51D283FCCAD00450E34 /* Assets.xcassets in Resources */ = {isa = PBXBuildFile; fileRef = C07EB51C283FCCAD00450E34 /* Assets.xcassets */; };
		C07EB520283FCCAD00450E34 /* LaunchScreen.storyboard in Resources */ = {isa = PBXBuildFile; fileRef = C07EB51E283FCCAD00450E34 /* LaunchScreen.storyboard */; };
		C07EB529283FCCF200450E34 /* ListTableViewController.swift in Sources */ = {isa = PBXBuildFile; fileRef = C07EB528283FCCF200450E34 /* ListTableViewController.swift */; };
		C07EB52E283FD1C700450E34 /* ProductModel.swift in Sources */ = {isa = PBXBuildFile; fileRef = C07EB52D283FD1C700450E34 /* ProductModel.swift */; };
		C07EB530283FD1D800450E34 /* ProductList.swift in Sources */ = {isa = PBXBuildFile; fileRef = C07EB52F283FD1D800450E34 /* ProductList.swift */; };
/* End PBXBuildFile section */

/* Begin PBXFileReference section */
		C07EB510283FCCAB00450E34 /* list-storyboard.app */ = {isa = PBXFileReference; explicitFileType = wrapper.application; includeInIndex = 0; path = "list-storyboard.app"; sourceTree = BUILT_PRODUCTS_DIR; };
		C07EB513283FCCAB00450E34 /* AppDelegate.swift */ = {isa = PBXFileReference; lastKnownFileType = sourcecode.swift; path = AppDelegate.swift; sourceTree = "<group>"; };
		C07EB515283FCCAB00450E34 /* SceneDelegate.swift */ = {isa = PBXFileReference; lastKnownFileType = sourcecode.swift; path = SceneDelegate.swift; sourceTree = "<group>"; };
		C07EB517283FCCAB00450E34 /* ViewController.swift */ = {isa = PBXFileReference; lastKnownFileType = sourcecode.swift; path = ViewController.swift; sourceTree = "<group>"; };
		C07EB51A283FCCAB00450E34 /* Base */ = {isa = PBXFileReference; lastKnownFileType = file.storyboard; name = Base; path = Base.lproj/Main.storyboard; sourceTree = "<group>"; };
		C07EB51C283FCCAD00450E34 /* Assets.xcassets */ = {isa = PBXFileReference; lastKnownFileType = folder.assetcatalog; path = Assets.xcassets; sourceTree = "<group>"; };
		C07EB51F283FCCAD00450E34 /* Base */ = {isa = PBXFileReference; lastKnownFileType = file.storyboard; name = Base; path = Base.lproj/LaunchScreen.storyboard; sourceTree = "<group>"; };
		C07EB521283FCCAD00450E34 /* Info.plist */ = {isa = PBXFileReference; lastKnownFileType = text.plist.xml; path = Info.plist; sourceTree = "<group>"; };
		C07EB528283FCCF200450E34 /* ListTableViewController.swift */ = {isa = PBXFileReference; lastKnownFileType = sourcecode.swift; path = ListTableViewController.swift; sourceTree = "<group>"; };
		C07EB52D283FD1C700450E34 /* ProductModel.swift */ = {isa = PBXFileReference; lastKnownFileType = sourcecode.swift; path = ProductModel.swift; sourceTree = "<group>"; };
		C07EB52F283FD1D800450E34 /* ProductList.swift */ = {isa = PBXFileReference; lastKnownFileType = sourcecode.swift; path = ProductList.swift; sourceTree = "<group>"; };
/* End PBXFileReference section */

/* Begin PBXFrameworksBuildPhase section */
		C07EB50D283FCCAB00450E34 /* Frameworks */ = {
			isa = PBXFrameworksBuildPhase;
			buildActionMask = 2147483647;
			files = (
			);
			runOnlyForDeploymentPostprocessing = 0;
		};
/* End PBXFrameworksBuildPhase section */

/* Begin PBXGroup section */
		C07EB507283FCCAB00450E34 = {
			isa = PBXGroup;
			children = (
				C07EB512283FCCAB00450E34 /* list-storyboard */,
				C07EB511283FCCAB00450E34 /* Products */,
			);
			sourceTree = "<group>";
		};
		C07EB511283FCCAB00450E34 /* Products */ = {
			isa = PBXGroup;
			children = (
				C07EB510283FCCAB00450E34 /* list-storyboard.app */,
			);
			name = Products;
			sourceTree = "<group>";
		};
		C07EB512283FCCAB00450E34 /* list-storyboard */ = {
			isa = PBXGroup;
			children = (
				C07EB52C283FD19B00450E34 /* Data */,
				C07EB52A283FD16700450E34 /* Models */,
				C07EB527283FCCD800450E34 /* Views */,
				C07EB513283FCCAB00450E34 /* AppDelegate.swift */,
				C07EB515283FCCAB00450E34 /* SceneDelegate.swift */,
				C07EB517283FCCAB00450E34 /* ViewController.swift */,
				C07EB519283FCCAB00450E34 /* Main.storyboard */,
				C07EB51C283FCCAD00450E34 /* Assets.xcassets */,
				C07EB51E283FCCAD00450E34 /* LaunchScreen.storyboard */,
				C07EB521283FCCAD00450E34 /* Info.plist */,
			);
			path = "list-storyboard";
			sourceTree = "<group>";
		};
		C07EB527283FCCD800450E34 /* Views */ = {
			isa = PBXGroup;
			children = (
				C07EB528283FCCF200450E34 /* ListTableViewController.swift */,
			);
			path = Views;
			sourceTree = "<group>";
		};
		C07EB52A283FD16700450E34 /* Models */ = {
			isa = PBXGroup;
			children = (
				C07EB52D283FD1C700450E34 /* ProductModel.swift */,
			);
			path = Models;
			sourceTree = "<group>";
		};
		C07EB52C283FD19B00450E34 /* Data */ = {
			isa = PBXGroup;
			children = (
				C07EB52F283FD1D800450E34 /* ProductList.swift */,
			);
			path = Data;
			sourceTree = "<group>";
		};
/* End PBXGroup section */

/* Begin PBXNativeTarget section */
		C07EB50F283FCCAB00450E34 /* list-storyboard */ = {
			isa = PBXNativeTarget;
			buildConfigurationList = C07EB524283FCCAD00450E34 /* Build configuration list for PBXNativeTarget "list-storyboard" */;
			buildPhases = (
				C07EB50C283FCCAB00450E34 /* Sources */,
				C07EB50D283FCCAB00450E34 /* Frameworks */,
				C07EB50E283FCCAB00450E34 /* Resources */,
			);
			buildRules = (
			);
			dependencies = (
			);
			name = "list-storyboard";
			productName = "list-storyboard";
			productReference = C07EB510283FCCAB00450E34 /* list-storyboard.app */;
			productType = "com.apple.product-type.application";
		};
/* End PBXNativeTarget section */

/* Begin PBXProject section */
		C07EB508283FCCAB00450E34 /* Project object */ = {
			isa = PBXProject;
			attributes = {
				BuildIndependentTargetsInParallel = 1;
				LastSwiftUpdateCheck = 1340;
				LastUpgradeCheck = 1340;
				TargetAttributes = {
					C07EB50F283FCCAB00450E34 = {
						CreatedOnToolsVersion = 13.4;
					};
				};
			};
			buildConfigurationList = C07EB50B283FCCAB00450E34 /* Build configuration list for PBXProject "list-storyboard" */;
			compatibilityVersion = "Xcode 13.0";
			developmentRegion = en;
			hasScannedForEncodings = 0;
			knownRegions = (
				en,
				Base,
			);
			mainGroup = C07EB507283FCCAB00450E34;
			productRefGroup = C07EB511283FCCAB00450E34 /* Products */;
			projectDirPath = "";
			projectRoot = "";
			targets = (
				C07EB50F283FCCAB00450E34 /* list-storyboard */,
			);
		};
/* End PBXProject section */

/* Begin PBXResourcesBuildPhase section */
		C07EB50E283FCCAB00450E34 /* Resources */ = {
			isa = PBXResourcesBuildPhase;
			buildActionMask = 2147483647;
			files = (
				C07EB520283FCCAD00450E34 /* LaunchScreen.storyboard in Resources */,
				C07EB51D283FCCAD00450E34 /* Assets.xcassets in Resources */,
				C07EB51B283FCCAB00450E34 /* Main.storyboard in Resources */,
			);
			runOnlyForDeploymentPostprocessing = 0;
		};
/* End PBXResourcesBuildPhase section */

/* Begin PBXSourcesBuildPhase section */
		C07EB50C283FCCAB00450E34 /* Sources */ = {
			isa = PBXSourcesBuildPhase;
			buildActionMask = 2147483647;
			files = (
				C07EB518283FCCAB00450E34 /* ViewController.swift in Sources */,
				C07EB514283FCCAB00450E34 /* AppDelegate.swift in Sources */,
				C07EB516283FCCAB00450E34 /* SceneDelegate.swift in Sources */,
				C07EB530283FD1D800450E34 /* ProductList.swift in Sources */,
				C07EB529283FCCF200450E34 /* ListTableViewController.swift in Sources */,
				C07EB52E283FD1C700450E34 /* ProductModel.swift in Sources */,
			);
			runOnlyForDeploymentPostprocessing = 0;
		};
/* End PBXSourcesBuildPhase section */

/* Begin PBXVariantGroup section */
		C07EB519283FCCAB00450E34 /* Main.storyboard */ = {
			isa = PBXVariantGroup;
			children = (
				C07EB51A283FCCAB00450E34 /* Base */,
			);
			name = Main.storyboard;
			sourceTree = "<group>";
		};
		C07EB51E283FCCAD00450E34 /* LaunchScreen.storyboard */ = {
			isa = PBXVariantGroup;
			children = (
				C07EB51F283FCCAD00450E34 /* Base */,
			);
			name = LaunchScreen.storyboard;
			sourceTree = "<group>";
		};
/* End PBXVariantGroup section */

/* Begin XCBuildConfiguration section */
		C07EB522283FCCAD00450E34 /* Debug */ = {
			isa = XCBuildConfiguration;
			buildSettings = {
				ALWAYS_SEARCH_USER_PATHS = NO;
				CLANG_ANALYZER_NONNULL = YES;
				CLANG_ANALYZER_NUMBER_OBJECT_CONVERSION = YES_AGGRESSIVE;
				CLANG_CXX_LANGUAGE_STANDARD = "gnu++17";
				CLANG_ENABLE_MODULES = YES;
				CLANG_ENABLE_OBJC_ARC = YES;
				CLANG_ENABLE_OBJC_WEAK = YES;
				CLANG_WARN_BLOCK_CAPTURE_AUTORELEASING = YES;
				CLANG_WARN_BOOL_CONVERSION = YES;
				CLANG_WARN_COMMA = YES;
				CLANG_WARN_CONSTANT_CONVERSION = YES;
				CLANG_WARN_DEPRECATED_OBJC_IMPLEMENTATIONS = YES;
				CLANG_WARN_DIRECT_OBJC_ISA_USAGE = YES_ERROR;
				CLANG_WARN_DOCUMENTATION_COMMENTS = YES;
				CLANG_WARN_EMPTY_BODY = YES;
				CLANG_WARN_ENUM_CONVERSION = YES;
				CLANG_WARN_INFINITE_RECURSION = YES;
				CLANG_WARN_INT_CONVERSION = YES;
				CLANG_WARN_NON_LITERAL_NULL_CONVERSION = YES;
				CLANG_WARN_OBJC_IMPLICIT_RETAIN_SELF = YES;
				CLANG_WARN_OBJC_LITERAL_CONVERSION = YES;
				CLANG_WARN_OBJC_ROOT_CLASS = YES_ERROR;
				CLANG_WARN_QUOTED_INCLUDE_IN_FRAMEWORK_HEADER = YES;
				CLANG_WARN_RANGE_LOOP_ANALYSIS = YES;
				CLANG_WARN_STRICT_PROTOTYPES = YES;
				CLANG_WARN_SUSPICIOUS_MOVE = YES;
				CLANG_WARN_UNGUARDED_AVAILABILITY = YES_AGGRESSIVE;
				CLANG_WARN_UNREACHABLE_CODE = YES;
				CLANG_WARN__DUPLICATE_METHOD_MATCH = YES;
				COPY_PHASE_STRIP = NO;
				DEBUG_INFORMATION_FORMAT = dwarf;
				ENABLE_STRICT_OBJC_MSGSEND = YES;
				ENABLE_TESTABILITY = YES;
				GCC_C_LANGUAGE_STANDARD = gnu11;
				GCC_DYNAMIC_NO_PIC = NO;
				GCC_NO_COMMON_BLOCKS = YES;
				GCC_OPTIMIZATION_LEVEL = 0;
				GCC_PREPROCESSOR_DEFINITIONS = (
					"DEBUG=1",
					"$(inherited)",
				);
				GCC_WARN_64_TO_32_BIT_CONVERSION = YES;
				GCC_WARN_ABOUT_RETURN_TYPE = YES_ERROR;
				GCC_WARN_UNDECLARED_SELECTOR = YES;
				GCC_WARN_UNINITIALIZED_AUTOS = YES_AGGRESSIVE;
				GCC_WARN_UNUSED_FUNCTION = YES;
				GCC_WARN_UNUSED_VARIABLE = YES;
				IPHONEOS_DEPLOYMENT_TARGET = 15.5;
				MTL_ENABLE_DEBUG_INFO = INCLUDE_SOURCE;
				MTL_FAST_MATH = YES;
				ONLY_ACTIVE_ARCH = YES;
				SDKROOT = iphoneos;
				SWIFT_ACTIVE_COMPILATION_CONDITIONS = DEBUG;
				SWIFT_OPTIMIZATION_LEVEL = "-Onone";
			};
			name = Debug;
		};
		C07EB523283FCCAD00450E34 /* Release */ = {
			isa = XCBuildConfiguration;
			buildSettings = {
				ALWAYS_SEARCH_USER_PATHS = NO;
				CLANG_ANALYZER_NONNULL = YES;
				CLANG_ANALYZER_NUMBER_OBJECT_CONVERSION = YES_AGGRESSIVE;
				CLANG_CXX_LANGUAGE_STANDARD = "gnu++17";
				CLANG_ENABLE_MODULES = YES;
				CLANG_ENABLE_OBJC_ARC = YES;
				CLANG_ENABLE_OBJC_WEAK = YES;
				CLANG_WARN_BLOCK_CAPTURE_AUTORELEASING = YES;
				CLANG_WARN_BOOL_CONVERSION = YES;
				CLANG_WARN_COMMA = YES;
				CLANG_WARN_CONSTANT_CONVERSION = YES;
				CLANG_WARN_DEPRECATED_OBJC_IMPLEMENTATIONS = YES;
				CLANG_WARN_DIRECT_OBJC_ISA_USAGE = YES_ERROR;
				CLANG_WARN_DOCUMENTATION_COMMENTS = YES;
				CLANG_WARN_EMPTY_BODY = YES;
				CLANG_WARN_ENUM_CONVERSION = YES;
				CLANG_WARN_INFINITE_RECURSION = YES;
				CLANG_WARN_INT_CONVERSION = YES;
				CLANG_WARN_NON_LITERAL_NULL_CONVERSION = YES;
				CLANG_WARN_OBJC_IMPLICIT_RETAIN_SELF = YES;
				CLANG_WARN_OBJC_LITERAL_CONVERSION = YES;
				CLANG_WARN_OBJC_ROOT_CLASS = YES_ERROR;
				CLANG_WARN_QUOTED_INCLUDE_IN_FRAMEWORK_HEADER = YES;
				CLANG_WARN_RANGE_LOOP_ANALYSIS = YES;
				CLANG_WARN_STRICT_PROTOTYPES = YES;
				CLANG_WARN_SUSPICIOUS_MOVE = YES;
				CLANG_WARN_UNGUARDED_AVAILABILITY = YES_AGGRESSIVE;
				CLANG_WARN_UNREACHABLE_CODE = YES;
				CLANG_WARN__DUPLICATE_METHOD_MATCH = YES;
				COPY_PHASE_STRIP = NO;
				DEBUG_INFORMATION_FORMAT = "dwarf-with-dsym";
				ENABLE_NS_ASSERTIONS = NO;
				ENABLE_STRICT_OBJC_MSGSEND = YES;
				GCC_C_LANGUAGE_STANDARD = gnu11;
				GCC_NO_COMMON_BLOCKS = YES;
				GCC_WARN_64_TO_32_BIT_CONVERSION = YES;
				GCC_WARN_ABOUT_RETURN_TYPE = YES_ERROR;
				GCC_WARN_UNDECLARED_SELECTOR = YES;
				GCC_WARN_UNINITIALIZED_AUTOS = YES_AGGRESSIVE;
				GCC_WARN_UNUSED_FUNCTION = YES;
				GCC_WARN_UNUSED_VARIABLE = YES;
				IPHONEOS_DEPLOYMENT_TARGET = 15.5;
				MTL_ENABLE_DEBUG_INFO = NO;
				MTL_FAST_MATH = YES;
				SDKROOT = iphoneos;
				SWIFT_COMPILATION_MODE = wholemodule;
				SWIFT_OPTIMIZATION_LEVEL = "-O";
				VALIDATE_PRODUCT = YES;
			};
			name = Release;
		};
		C07EB525283FCCAD00450E34 /* Debug */ = {
			isa = XCBuildConfiguration;
			buildSettings = {
				ASSETCATALOG_COMPILER_APPICON_NAME = AppIcon;
				ASSETCATALOG_COMPILER_GLOBAL_ACCENT_COLOR_NAME = AccentColor;
				CODE_SIGN_STYLE = Automatic;
				CURRENT_PROJECT_VERSION = 1;
				DEVELOPMENT_TEAM = 9Z86N6X4FM;
				GENERATE_INFOPLIST_FILE = YES;
				INFOPLIST_FILE = "list-storyboard/Info.plist";
				INFOPLIST_KEY_UIApplicationSupportsIndirectInputEvents = YES;
				INFOPLIST_KEY_UILaunchStoryboardName = LaunchScreen;
				INFOPLIST_KEY_UIMainStoryboardFile = Main;
				INFOPLIST_KEY_UISupportedInterfaceOrientations_iPad = "UIInterfaceOrientationPortrait UIInterfaceOrientationPortraitUpsideDown UIInterfaceOrientationLandscapeLeft UIInterfaceOrientationLandscapeRight";
				INFOPLIST_KEY_UISupportedInterfaceOrientations_iPhone = "UIInterfaceOrientationPortrait UIInterfaceOrientationLandscapeLeft UIInterfaceOrientationLandscapeRight";
				LD_RUNPATH_SEARCH_PATHS = (
					"$(inherited)",
					"@executable_path/Frameworks",
				);
				MARKETING_VERSION = 1.0;
				PRODUCT_BUNDLE_IDENTIFIER = "com.carlosamaral.list-storyboard";
				PRODUCT_NAME = "$(TARGET_NAME)";
				SWIFT_EMIT_LOC_STRINGS = YES;
				SWIFT_VERSION = 5.0;
				TARGETED_DEVICE_FAMILY = "1,2";
			};
			name = Debug;
		};
		C07EB526283FCCAD00450E34 /* Release */ = {
			isa = XCBuildConfiguration;
			buildSettings = {
				ASSETCATALOG_COMPILER_APPICON_NAME = AppIcon;
				ASSETCATALOG_COMPILER_GLOBAL_ACCENT_COLOR_NAME = AccentColor;
				CODE_SIGN_STYLE = Automatic;
				CURRENT_PROJECT_VERSION = 1;
				DEVELOPMENT_TEAM = 9Z86N6X4FM;
				GENERATE_INFOPLIST_FILE = YES;
				INFOPLIST_FILE = "list-storyboard/Info.plist";
				INFOPLIST_KEY_UIApplicationSupportsIndirectInputEvents = YES;
				INFOPLIST_KEY_UILaunchStoryboardName = LaunchScreen;
				INFOPLIST_KEY_UIMainStoryboardFile = Main;
				INFOPLIST_KEY_UISupportedInterfaceOrientations_iPad = "UIInterfaceOrientationPortrait UIInterfaceOrientationPortraitUpsideDown UIInterfaceOrientationLandscapeLeft UIInterfaceOrientationLandscapeRight";
				INFOPLIST_KEY_UISupportedInterfaceOrientations_iPhone = "UIInterfaceOrientationPortrait UIInterfaceOrientationLandscapeLeft UIInterfaceOrientationLandscapeRight";
				LD_RUNPATH_SEARCH_PATHS = (
					"$(inherited)",
					"@executable_path/Frameworks",
				);
				MARKETING_VERSION = 1.0;
				PRODUCT_BUNDLE_IDENTIFIER = "com.carlosamaral.list-storyboard";
				PRODUCT_NAME = "$(TARGET_NAME)";
				SWIFT_EMIT_LOC_STRINGS = YES;
				SWIFT_VERSION = 5.0;
				TARGETED_DEVICE_FAMILY = "1,2";
			};
			name = Release;
		};
/* End XCBuildConfiguration section */

/* Begin XCConfigurationList section */
		C07EB50B283FCCAB00450E34 /* Build configuration list for PBXProject "list-storyboard" */ = {
			isa = XCConfigurationList;
			buildConfigurations = (
				C07EB522283FCCAD00450E34 /* Debug */,
				C07EB523283FCCAD00450E34 /* Release */,
			);
			defaultConfigurationIsVisible = 0;
			defaultConfigurationName = Release;
		};
		C07EB524283FCCAD00450E34 /* Build configuration list for PBXNativeTarget "list-storyboard" */ = {
			isa = XCConfigurationList;
			buildConfigurations = (
				C07EB525283FCCAD00450E34 /* Debug */,
				C07EB526283FCCAD00450E34 /* Release */,
			);
			defaultConfigurationIsVisible = 0;
			defaultConfigurationName = Release;
		};
/* End XCConfigurationList section */
	};
	rootObject = C07EB508283FCCAB00450E34 /* Project object */;
}
