// !$*UTF8*$!
{
	archiveVersion = 1;
	classes = {
	};
	objectVersion = 55;
	objects = {

/* Begin PBXBuildFile section */
		C07EB4EE283FC0BF00450E34 /* list_uiApp.swift in Sources */ = {isa = PBXBuildFile; fileRef = C07EB4ED283FC0BF00450E34 /* list_uiApp.swift */; };
		C07EB4F0283FC0BF00450E34 /* ContentView.swift in Sources */ = {isa = PBXBuildFile; fileRef = C07EB4EF283FC0BF00450E34 /* ContentView.swift */; };
		C07EB4F2283FC0C200450E34 /* Assets.xcassets in Resources */ = {isa = PBXBuildFile; fileRef = C07EB4F1283FC0C200450E34 /* Assets.xcassets */; };
		C07EB4F5283FC0C200450E34 /* Preview Assets.xcassets in Resources */ = {isa = PBXBuildFile; fileRef = C07EB4F4283FC0C200450E34 /* Preview Assets.xcassets */; };
		C07EB4FE283FC36500450E34 /* ProductModel.swift in Sources */ = {isa = PBXBuildFile; fileRef = C07EB4FD283FC36500450E34 /* ProductModel.swift */; };
		C07EB500283FC9C200450E34 /* ProductDetails.swift in Sources */ = {isa = PBXBuildFile; fileRef = C07EB4FF283FC9C200450E34 /* ProductDetails.swift */; };
		C07EB502283FCB8800450E34 /* ProductList.swift in Sources */ = {isa = PBXBuildFile; fileRef = C07EB501283FCB8800450E34 /* ProductList.swift */; };
/* End PBXBuildFile section */

/* Begin PBXFileReference section */
		C07EB4EA283FC0BF00450E34 /* list-ui.app */ = {isa = PBXFileReference; explicitFileType = wrapper.application; includeInIndex = 0; path = "list-ui.app"; sourceTree = BUILT_PRODUCTS_DIR; };
		C07EB4ED283FC0BF00450E34 /* list_uiApp.swift */ = {isa = PBXFileReference; lastKnownFileType = sourcecode.swift; path = list_uiApp.swift; sourceTree = "<group>"; };
		C07EB4EF283FC0BF00450E34 /* ContentView.swift */ = {isa = PBXFileReference; lastKnownFileType = sourcecode.swift; path = ContentView.swift; sourceTree = "<group>"; };
		C07EB4F1283FC0C200450E34 /* Assets.xcassets */ = {isa = PBXFileReference; lastKnownFileType = folder.assetcatalog; path = Assets.xcassets; sourceTree = "<group>"; };
		C07EB4F4283FC0C200450E34 /* Preview Assets.xcassets */ = {isa = PBXFileReference; lastKnownFileType = folder.assetcatalog; path = "Preview Assets.xcassets"; sourceTree = "<group>"; };
		C07EB4FD283FC36500450E34 /* ProductModel.swift */ = {isa = PBXFileReference; lastKnownFileType = sourcecode.swift; path = ProductModel.swift; sourceTree = "<group>"; };
		C07EB4FF283FC9C200450E34 /* ProductDetails.swift */ = {isa = PBXFileReference; lastKnownFileType = sourcecode.swift; path = ProductDetails.swift; sourceTree = "<group>"; };
		C07EB501283FCB8800450E34 /* ProductList.swift */ = {isa = PBXFileReference; lastKnownFileType = sourcecode.swift; path = ProductList.swift; sourceTree = "<group>"; };
/* End PBXFileReference section */

/* Begin PBXFrameworksBuildPhase section */
		C07EB4E7283FC0BF00450E34 /* Frameworks */ = {
			isa = PBXFrameworksBuildPhase;
			buildActionMask = 2147483647;
			files = (
			);
			runOnlyForDeploymentPostprocessing = 0;
		};
/* End PBXFrameworksBuildPhase section */

/* Begin PBXGroup section */
		C07EB4E1283FC0BF00450E34 = {
			isa = PBXGroup;
			children = (
				C07EB4EC283FC0BF00450E34 /* list-ui */,
				C07EB4EB283FC0BF00450E34 /* Products */,
			);
			sourceTree = "<group>";
		};
		C07EB4EB283FC0BF00450E34 /* Products */ = {
			isa = PBXGroup;
			children = (
				C07EB4EA283FC0BF00450E34 /* list-ui.app */,
			);
			name = Products;
			sourceTree = "<group>";
		};
		C07EB4EC283FC0BF00450E34 /* list-ui */ = {
			isa = PBXGroup;
			children = (
				C07EB506283FCBF500450E34 /* Data */,
				C07EB505283FCBEF00450E34 /* Models */,
				C07EB504283FCBE200450E34 /* Views */,
				C07EB503283FCBD800450E34 /* App */,
				C07EB4F3283FC0C200450E34 /* Preview Content */,
			);
			path = "list-ui";
			sourceTree = "<group>";
		};
		C07EB4F3283FC0C200450E34 /* Preview Content */ = {
			isa = PBXGroup;
			children = (
				C07EB4F4283FC0C200450E34 /* Preview Assets.xcassets */,
			);
			path = "Preview Content";
			sourceTree = "<group>";
		};
		C07EB503283FCBD800450E34 /* App */ = {
			isa = PBXGroup;
			children = (
				C07EB4F1283FC0C200450E34 /* Assets.xcassets */,
				C07EB4ED283FC0BF00450E34 /* list_uiApp.swift */,
			);
			path = App;
			sourceTree = "<group>";
		};
		C07EB504283FCBE200450E34 /* Views */ = {
			isa = PBXGroup;
			children = (
				C07EB4FF283FC9C200450E34 /* ProductDetails.swift */,
				C07EB4EF283FC0BF00450E34 /* ContentView.swift */,
			);
			path = Views;
			sourceTree = "<group>";
		};
		C07EB505283FCBEF00450E34 /* Models */ = {
			isa = PBXGroup;
			children = (
				C07EB4FD283FC36500450E34 /* ProductModel.swift */,
			);
			path = Models;
			sourceTree = "<group>";
		};
		C07EB506283FCBF500450E34 /* Data */ = {
			isa = PBXGroup;
			children = (
				C07EB501283FCB8800450E34 /* ProductList.swift */,
			);
			path = Data;
			sourceTree = "<group>";
		};
/* End PBXGroup section */

/* Begin PBXNativeTarget section */
		C07EB4E9283FC0BF00450E34 /* list-ui */ = {
			isa = PBXNativeTarget;
			buildConfigurationList = C07EB4F8283FC0C200450E34 /* Build configuration list for PBXNativeTarget "list-ui" */;
			buildPhases = (
				C07EB4E6283FC0BF00450E34 /* Sources */,
				C07EB4E7283FC0BF00450E34 /* Frameworks */,
				C07EB4E8283FC0BF00450E34 /* Resources */,
			);
			buildRules = (
			);
			dependencies = (
			);
			name = "list-ui";
			productName = "list-ui";
			productReference = C07EB4EA283FC0BF00450E34 /* list-ui.app */;
			productType = "com.apple.product-type.application";
		};
/* End PBXNativeTarget section */

/* Begin PBXProject section */
		C07EB4E2283FC0BF00450E34 /* Project object */ = {
			isa = PBXProject;
			attributes = {
				BuildIndependentTargetsInParallel = 1;
				LastSwiftUpdateCheck = 1340;
				LastUpgradeCheck = 1340;
				TargetAttributes = {
					C07EB4E9283FC0BF00450E34 = {
						CreatedOnToolsVersion = 13.4;
					};
				};
			};
			buildConfigurationList = C07EB4E5283FC0BF00450E34 /* Build configuration list for PBXProject "list-ui" */;
			compatibilityVersion = "Xcode 13.0";
			developmentRegion = en;
			hasScannedForEncodings = 0;
			knownRegions = (
				en,
				Base,
			);
			mainGroup = C07EB4E1283FC0BF00450E34;
			productRefGroup = C07EB4EB283FC0BF00450E34 /* Products */;
			projectDirPath = "";
			projectRoot = "";
			targets = (
				C07EB4E9283FC0BF00450E34 /* list-ui */,
			);
		};
/* End PBXProject section */

/* Begin PBXResourcesBuildPhase section */
		C07EB4E8283FC0BF00450E34 /* Resources */ = {
			isa = PBXResourcesBuildPhase;
			buildActionMask = 2147483647;
			files = (
				C07EB4F5283FC0C200450E34 /* Preview Assets.xcassets in Resources */,
				C07EB4F2283FC0C200450E34 /* Assets.xcassets in Resources */,
			);
			runOnlyForDeploymentPostprocessing = 0;
		};
/* End PBXResourcesBuildPhase section */

/* Begin PBXSourcesBuildPhase section */
		C07EB4E6283FC0BF00450E34 /* Sources */ = {
			isa = PBXSourcesBuildPhase;
			buildActionMask = 2147483647;
			files = (
				C07EB4F0283FC0BF00450E34 /* ContentView.swift in Sources */,
				C07EB502283FCB8800450E34 /* ProductList.swift in Sources */,
				C07EB4FE283FC36500450E34 /* ProductModel.swift in Sources */,
				C07EB500283FC9C200450E34 /* ProductDetails.swift in Sources */,
				C07EB4EE283FC0BF00450E34 /* list_uiApp.swift in Sources */,
			);
			runOnlyForDeploymentPostprocessing = 0;
		};
/* End PBXSourcesBuildPhase section */

/* Begin XCBuildConfiguration section */
		C07EB4F6283FC0C200450E34 /* Debug */ = {
			isa = XCBuildConfiguration;
			buildSettings = {
				ALWAYS_SEARCH_USER_PATHS = NO;
				CLANG_ANALYZER_NONNULL = YES;
				CLANG_ANALYZER_NUMBER_OBJECT_CONVERSION = YES_AGGRESSIVE;
				CLANG_CXX_LANGUAGE_STANDARD = "gnu++17";
				CLANG_ENABLE_MODULES = YES;
				CLANG_ENABLE_OBJC_ARC = YES;
				CLANG_ENABLE_OBJC_WEAK = YES;
				CLANG_WARN_BLOCK_CAPTURE_AUTORELEASING = YES;
				CLANG_WARN_BOOL_CONVERSION = YES;
				CLANG_WARN_COMMA = YES;
				CLANG_WARN_CONSTANT_CONVERSION = YES;
				CLANG_WARN_DEPRECATED_OBJC_IMPLEMENTATIONS = YES;
				CLANG_WARN_DIRECT_OBJC_ISA_USAGE = YES_ERROR;
				CLANG_WARN_DOCUMENTATION_COMMENTS = YES;
				CLANG_WARN_EMPTY_BODY = YES;
				CLANG_WARN_ENUM_CONVERSION = YES;
				CLANG_WARN_INFINITE_RECURSION = YES;
				CLANG_WARN_INT_CONVERSION = YES;
				CLANG_WARN_NON_LITERAL_NULL_CONVERSION = YES;
				CLANG_WARN_OBJC_IMPLICIT_RETAIN_SELF = YES;
				CLANG_WARN_OBJC_LITERAL_CONVERSION = YES;
				CLANG_WARN_OBJC_ROOT_CLASS = YES_ERROR;
				CLANG_WARN_QUOTED_INCLUDE_IN_FRAMEWORK_HEADER = YES;
				CLANG_WARN_RANGE_LOOP_ANALYSIS = YES;
				CLANG_WARN_STRICT_PROTOTYPES = YES;
				CLANG_WARN_SUSPICIOUS_MOVE = YES;
				CLANG_WARN_UNGUARDED_AVAILABILITY = YES_AGGRESSIVE;
				CLANG_WARN_UNREACHABLE_CODE = YES;
				CLANG_WARN__DUPLICATE_METHOD_MATCH = YES;
				COPY_PHASE_STRIP = NO;
				DEBUG_INFORMATION_FORMAT = dwarf;
				ENABLE_STRICT_OBJC_MSGSEND = YES;
				ENABLE_TESTABILITY = YES;
				GCC_C_LANGUAGE_STANDARD = gnu11;
				GCC_DYNAMIC_NO_PIC = NO;
				GCC_NO_COMMON_BLOCKS = YES;
				GCC_OPTIMIZATION_LEVEL = 0;
				GCC_PREPROCESSOR_DEFINITIONS = (
					"DEBUG=1",
					"$(inherited)",
				);
				GCC_WARN_64_TO_32_BIT_CONVERSION = YES;
				GCC_WARN_ABOUT_RETURN_TYPE = YES_ERROR;
				GCC_WARN_UNDECLARED_SELECTOR = YES;
				GCC_WARN_UNINITIALIZED_AUTOS = YES_AGGRESSIVE;
				GCC_WARN_UNUSED_FUNCTION = YES;
				GCC_WARN_UNUSED_VARIABLE = YES;
				IPHONEOS_DEPLOYMENT_TARGET = 15.5;
				MTL_ENABLE_DEBUG_INFO = INCLUDE_SOURCE;
				MTL_FAST_MATH = YES;
				ONLY_ACTIVE_ARCH = YES;
				SDKROOT = iphoneos;
				SWIFT_ACTIVE_COMPILATION_CONDITIONS = DEBUG;
				SWIFT_OPTIMIZATION_LEVEL = "-Onone";
			};
			name = Debug;
		};
		C07EB4F7283FC0C200450E34 /* Release */ = {
			isa = XCBuildConfiguration;
			buildSettings = {
				ALWAYS_SEARCH_USER_PATHS = NO;
				CLANG_ANALYZER_NONNULL = YES;
				CLANG_ANALYZER_NUMBER_OBJECT_CONVERSION = YES_AGGRESSIVE;
				CLANG_CXX_LANGUAGE_STANDARD = "gnu++17";
				CLANG_ENABLE_MODULES = YES;
				CLANG_ENABLE_OBJC_ARC = YES;
				CLANG_ENABLE_OBJC_WEAK = YES;
				CLANG_WARN_BLOCK_CAPTURE_AUTORELEASING = YES;
				CLANG_WARN_BOOL_CONVERSION = YES;
				CLANG_WARN_COMMA = YES;
				CLANG_WARN_CONSTANT_CONVERSION = YES;
				CLANG_WARN_DEPRECATED_OBJC_IMPLEMENTATIONS = YES;
				CLANG_WARN_DIRECT_OBJC_ISA_USAGE = YES_ERROR;
				CLANG_WARN_DOCUMENTATION_COMMENTS = YES;
				CLANG_WARN_EMPTY_BODY = YES;
				CLANG_WARN_ENUM_CONVERSION = YES;
				CLANG_WARN_INFINITE_RECURSION = YES;
				CLANG_WARN_INT_CONVERSION = YES;
				CLANG_WARN_NON_LITERAL_NULL_CONVERSION = YES;
				CLANG_WARN_OBJC_IMPLICIT_RETAIN_SELF = YES;
				CLANG_WARN_OBJC_LITERAL_CONVERSION = YES;
				CLANG_WARN_OBJC_ROOT_CLASS = YES_ERROR;
				CLANG_WARN_QUOTED_INCLUDE_IN_FRAMEWORK_HEADER = YES;
				CLANG_WARN_RANGE_LOOP_ANALYSIS = YES;
				CLANG_WARN_STRICT_PROTOTYPES = YES;
				CLANG_WARN_SUSPICIOUS_MOVE = YES;
				CLANG_WARN_UNGUARDED_AVAILABILITY = YES_AGGRESSIVE;
				CLANG_WARN_UNREACHABLE_CODE = YES;
				CLANG_WARN__DUPLICATE_METHOD_MATCH = YES;
				COPY_PHASE_STRIP = NO;
				DEBUG_INFORMATION_FORMAT = "dwarf-with-dsym";
				ENABLE_NS_ASSERTIONS = NO;
				ENABLE_STRICT_OBJC_MSGSEND = YES;
				GCC_C_LANGUAGE_STANDARD = gnu11;
				GCC_NO_COMMON_BLOCKS = YES;
				GCC_WARN_64_TO_32_BIT_CONVERSION = YES;
				GCC_WARN_ABOUT_RETURN_TYPE = YES_ERROR;
				GCC_WARN_UNDECLARED_SELECTOR = YES;
				GCC_WARN_UNINITIALIZED_AUTOS = YES_AGGRESSIVE;
				GCC_WARN_UNUSED_FUNCTION = YES;
				GCC_WARN_UNUSED_VARIABLE = YES;
				IPHONEOS_DEPLOYMENT_TARGET = 15.5;
				MTL_ENABLE_DEBUG_INFO = NO;
				MTL_FAST_MATH = YES;
				SDKROOT = iphoneos;
				SWIFT_COMPILATION_MODE = wholemodule;
				SWIFT_OPTIMIZATION_LEVEL = "-O";
				VALIDATE_PRODUCT = YES;
			};
			name = Release;
		};
		C07EB4F9283FC0C200450E34 /* Debug */ = {
			isa = XCBuildConfiguration;
			buildSettings = {
				ASSETCATALOG_COMPILER_APPICON_NAME = AppIcon;
				ASSETCATALOG_COMPILER_GLOBAL_ACCENT_COLOR_NAME = AccentColor;
				CODE_SIGN_STYLE = Automatic;
				CURRENT_PROJECT_VERSION = 1;
				DEVELOPMENT_ASSET_PATHS = "\"list-ui/Preview Content\"";
				DEVELOPMENT_TEAM = 9Z86N6X4FM;
				ENABLE_PREVIEWS = YES;
				GENERATE_INFOPLIST_FILE = YES;
				INFOPLIST_KEY_UIApplicationSceneManifest_Generation = YES;
				INFOPLIST_KEY_UIApplicationSupportsIndirectInputEvents = YES;
				INFOPLIST_KEY_UILaunchScreen_Generation = YES;
				INFOPLIST_KEY_UISupportedInterfaceOrientations_iPad = "UIInterfaceOrientationPortrait UIInterfaceOrientationPortraitUpsideDown UIInterfaceOrientationLandscapeLeft UIInterfaceOrientationLandscapeRight";
				INFOPLIST_KEY_UISupportedInterfaceOrientations_iPhone = "UIInterfaceOrientationPortrait UIInterfaceOrientationLandscapeLeft UIInterfaceOrientationLandscapeRight";
				LD_RUNPATH_SEARCH_PATHS = (
					"$(inherited)",
					"@executable_path/Frameworks",
				);
				MARKETING_VERSION = 1.0;
				PRODUCT_BUNDLE_IDENTIFIER = "com.carlosamaral.list-ui";
				PRODUCT_NAME = "$(TARGET_NAME)";
				SWIFT_EMIT_LOC_STRINGS = YES;
				SWIFT_VERSION = 5.0;
				TARGETED_DEVICE_FAMILY = "1,2";
			};
			name = Debug;
		};
		C07EB4FA283FC0C200450E34 /* Release */ = {
			isa = XCBuildConfiguration;
			buildSettings = {
				ASSETCATALOG_COMPILER_APPICON_NAME = AppIcon;
				ASSETCATALOG_COMPILER_GLOBAL_ACCENT_COLOR_NAME = AccentColor;
				CODE_SIGN_STYLE = Automatic;
				CURRENT_PROJECT_VERSION = 1;
				DEVELOPMENT_ASSET_PATHS = "\"list-ui/Preview Content\"";
				DEVELOPMENT_TEAM = 9Z86N6X4FM;
				ENABLE_PREVIEWS = YES;
				GENERATE_INFOPLIST_FILE = YES;
				INFOPLIST_KEY_UIApplicationSceneManifest_Generation = YES;
				INFOPLIST_KEY_UIApplicationSupportsIndirectInputEvents = YES;
				INFOPLIST_KEY_UILaunchScreen_Generation = YES;
				INFOPLIST_KEY_UISupportedInterfaceOrientations_iPad = "UIInterfaceOrientationPortrait UIInterfaceOrientationPortraitUpsideDown UIInterfaceOrientationLandscapeLeft UIInterfaceOrientationLandscapeRight";
				INFOPLIST_KEY_UISupportedInterfaceOrientations_iPhone = "UIInterfaceOrientationPortrait UIInterfaceOrientationLandscapeLeft UIInterfaceOrientationLandscapeRight";
				LD_RUNPATH_SEARCH_PATHS = (
					"$(inherited)",
					"@executable_path/Frameworks",
				);
				MARKETING_VERSION = 1.0;
				PRODUCT_BUNDLE_IDENTIFIER = "com.carlosamaral.list-ui";
				PRODUCT_NAME = "$(TARGET_NAME)";
				SWIFT_EMIT_LOC_STRINGS = YES;
				SWIFT_VERSION = 5.0;
				TARGETED_DEVICE_FAMILY = "1,2";
			};
			name = Release;
		};
/* End XCBuildConfiguration section */

/* Begin XCConfigurationList section */
		C07EB4E5283FC0BF00450E34 /* Build configuration list for PBXProject "list-ui" */ = {
			isa = XCConfigurationList;
			buildConfigurations = (
				C07EB4F6283FC0C200450E34 /* Debug */,
				C07EB4F7283FC0C200450E34 /* Release */,
			);
			defaultConfigurationIsVisible = 0;
			defaultConfigurationName = Release;
		};
		C07EB4F8283FC0C200450E34 /* Build configuration list for PBXNativeTarget "list-ui" */ = {
			isa = XCConfigurationList;
			buildConfigurations = (
				C07EB4F9283FC0C200450E34 /* Debug */,
				C07EB4FA283FC0C200450E34 /* Release */,
			);
			defaultConfigurationIsVisible = 0;
			defaultConfigurationName = Release;
		};
/* End XCConfigurationList section */
	};
	rootObject = C07EB4E2283FC0BF00450E34 /* Project object */;
}
